
Microsoft Visual Studio Solution File, Format Version 12.00
# Visual Studio 14
VisualStudioVersion = 14.0.25420.1
MinimumVisualStudioVersion = 10.0.40219.1
Project("{FAE04EC0-301F-11D3-BF4B-00C04F79EFBC}") = "LemonadeStand", "LemonadeStand\LemonadeStand.csproj", "{FE09AAF7-3294-4A57-A5C1-397B1BE23194}"
EndProject
Project("{F088123C-0E9E-452A-89E6-6BA2F21D5CAC}") = "LemonadeStandModeling", "LemonadeStandModeling\LemonadeStandModeling.modelproj", "{9F97ABD3-B2C3-4474-A19C-0CBD5AF64E14}"
EndProject
Project("{FAE04EC0-301F-11D3-BF4B-00C04F79EFBC}") = "LemonadStandTest", "LemonadStandTest\LemonadStandTest.csproj", "{001888A6-1804-4FB6-8D42-BA6F3C11BC03}"
EndProject
Global
	GlobalSection(SolutionConfigurationPlatforms) = preSolution
		Debug|Any CPU = Debug|Any CPU
		Release|Any CPU = Release|Any CPU
	EndGlobalSection
	GlobalSection(ProjectConfigurationPlatforms) = postSolution
		{FE09AAF7-3294-4A57-A5C1-397B1BE23194}.Debug|Any CPU.ActiveCfg = Debug|Any CPU
		{FE09AAF7-3294-4A57-A5C1-397B1BE23194}.Debug|Any CPU.Build.0 = Debug|Any CPU
		{FE09AAF7-3294-4A57-A5C1-397B1BE23194}.Release|Any CPU.ActiveCfg = Release|Any CPU
		{FE09AAF7-3294-4A57-A5C1-397B1BE23194}.Release|Any CPU.Build.0 = Release|Any CPU
		{9F97ABD3-B2C3-4474-A19C-0CBD5AF64E14}.Debug|Any CPU.ActiveCfg = Debug|Any CPU
		{9F97ABD3-B2C3-4474-A19C-0CBD5AF64E14}.Debug|Any CPU.Build.0 = Debug|Any CPU
		{9F97ABD3-B2C3-4474-A19C-0CBD5AF64E14}.Release|Any CPU.ActiveCfg = Release|Any CPU
		{9F97ABD3-B2C3-4474-A19C-0CBD5AF64E14}.Release|Any CPU.Build.0 = Release|Any CPU
		{001888A6-1804-4FB6-8D42-BA6F3C11BC03}.Debug|Any CPU.ActiveCfg = Debug|Any CPU
		{001888A6-1804-4FB6-8D42-BA6F3C11BC03}.Debug|Any CPU.Build.0 = Debug|Any CPU
		{001888A6-1804-4FB6-8D42-BA6F3C11BC03}.Release|Any CPU.ActiveCfg = Release|Any CPU
		{001888A6-1804-4FB6-8D42-BA6F3C11BC03}.Release|Any CPU.Build.0 = Release|Any CPU
	EndGlobalSection
	GlobalSection(SolutionProperties) = preSolution
		HideSolutionNode = FALSE
	EndGlobalSection
EndGlobal
